{
  "object": {
    "pins": [
      {
        "package": "HyperSwift",
        "repositoryURL": "https://github.com/johngarrett/HyperSwift",
        "state": {
          "branch": "master",
          "revision": "5a87c787b5dfdb1d414644352a4cda3654420f87",
          "version": null
        }
      }
    ]
  },
  "version": 1
}
